{
    "_readme": [
        "This file locks the dependencies of your project to a known state",
        "Read more about it at https://getcomposer.org/doc/01-basic-usage.md#composer-lock-the-lock-file",
        "This file is @generated automatically"
    ],
    "content-hash": "b3d780ec2ac6188f01fdf08e35112b68",
    "packages": [
        {
            "name": "popphp/pop-cookie",
            "version": "3.1.2",
            "source": {
                "type": "git",
                "url": "https://github.com/popphp/pop-cookie.git",
                "reference": "3348204a3fab05a94b72a4560d9148be4285a17a"
            },
            "dist": {
                "type": "zip",
                "url": "https://api.github.com/repos/popphp/pop-cookie/zipball/3348204a3fab05a94b72a4560d9148be4285a17a",
                "reference": "3348204a3fab05a94b72a4560d9148be4285a17a",
                "shasum": ""
            },
            "require": {
                "php": ">=5.6.0"
            },
            "type": "library",
            "extra": {
                "branch-alias": {
                    "dev-master": "3.1.x-dev"
                }
            },
            "autoload": {
                "psr-4": {
                    "Pop\\Cookie\\": "src/"
                }
            },
            "notification-url": "https://packagist.org/downloads/",
            "license": [
                "BSD-3-Clause"
            ],
            "authors": [
                {
                    "name": "Nick Sagona",
                    "email": "dev@nolainteractive.com",
                    "homepage": "http://www.nolainteractive.com/"
                }
            ],
            "description": "Pop Cookie Component for Pop PHP Framework",
            "homepage": "http://www.popphp.org/",
            "keywords": [
                "cookie",
                "cookies",
                "php",
                "pop",
                "pop php"
            ],
            "time": "2018-01-29T20:39:45+00:00"
        },
        {
            "name": "popphp/pop-db",
            "version": "4.1.3",
            "source": {
                "type": "git",
                "url": "https://github.com/popphp/pop-db.git",
                "reference": "6f3ae520ec9c2f7f35480c0841dd6fa86ecbd004"
            },
            "dist": {
                "type": "zip",
                "url": "https://api.github.com/repos/popphp/pop-db/zipball/6f3ae520ec9c2f7f35480c0841dd6fa86ecbd004",
                "reference": "6f3ae520ec9c2f7f35480c0841dd6fa86ecbd004",
                "shasum": ""
            },
            "require": {
                "php": ">=5.6.0"
            },
            "require-dev": {
                "phpunit/phpunit": "5.5.*"
            },
            "type": "library",
            "extra": {
                "branch-alias": {
                    "dev-master": "4.1.x-dev"
                }
            },
            "autoload": {
                "psr-4": {
                    "Pop\\Db\\": "src/"
                }
            },
            "notification-url": "https://packagist.org/downloads/",
            "license": [
                "BSD-3-Clause"
            ],
            "authors": [
                {
                    "name": "Nick Sagona",
                    "email": "dev@nolainteractive.com",
                    "homepage": "http://www.nolainteractive.com/"
                }
            ],
            "description": "Pop Db Component for Pop PHP Framework",
            "homepage": "http://www.popphp.org/",
            "keywords": [
                "SQL Builder",
                "database",
                "database migrations",
                "mysql",
                "pdo",
                "php",
                "pop",
                "pop php",
                "postgresql",
                "schema builder",
                "sqlite",
                "sqlsrv"
            ],
            "time": "2018-01-29T20:52:02+00:00"
        },
        {
            "name": "popphp/pop-dir",
            "version": "3.0.1",
            "source": {
                "type": "git",
                "url": "https://github.com/popphp/pop-dir.git",
                "reference": "f4612df3f2e335d378a7e596e4b76ccdd1a810d5"
            },
            "dist": {
                "type": "zip",
                "url": "https://api.github.com/repos/popphp/pop-dir/zipball/f4612df3f2e335d378a7e596e4b76ccdd1a810d5",
                "reference": "f4612df3f2e335d378a7e596e4b76ccdd1a810d5",
                "shasum": ""
            },
            "require": {
                "php": ">=5.6.0"
            },
            "require-dev": {
                "phpunit/phpunit": "5.5.*"
            },
            "type": "library",
            "extra": {
                "branch-alias": {
                    "dev-master": "3.0.x-dev"
                }
            },
            "autoload": {
                "psr-4": {
                    "Pop\\Dir\\": "src/"
                }
            },
            "notification-url": "https://packagist.org/downloads/",
            "license": [
                "BSD-3-Clause"
            ],
            "authors": [
                {
                    "name": "Nick Sagona",
                    "email": "dev@nolainteractive.com",
                    "homepage": "http://www.nolainteractive.com/"
                }
            ],
            "description": "Pop Directory Component for Pop PHP Framework",
            "homepage": "http://www.popphp.org/",
            "keywords": [
                "directory",
                "directory traversing",
                "php",
                "pop",
                "pop php"
            ],
            "time": "2018-01-29T21:28:41+00:00"
        },
        {
            "name": "popphp/pop-dom",
            "version": "3.2.4",
            "source": {
                "type": "git",
                "url": "https://github.com/popphp/pop-dom.git",
                "reference": "af35919de90c0bb73f36147dfe85eb3177337e78"
            },
            "dist": {
                "type": "zip",
                "url": "https://api.github.com/repos/popphp/pop-dom/zipball/af35919de90c0bb73f36147dfe85eb3177337e78",
                "reference": "af35919de90c0bb73f36147dfe85eb3177337e78",
                "shasum": ""
            },
            "require": {
                "php": ">=5.6.0"
            },
            "require-dev": {
                "phpunit/phpunit": "5.5.*"
            },
            "type": "library",
            "extra": {
                "branch-alias": {
                    "dev-master": "3.2.x-dev"
                }
            },
            "autoload": {
                "psr-4": {
                    "Pop\\Dom\\": "src/"
                }
            },
            "notification-url": "https://packagist.org/downloads/",
            "license": [
                "BSD-3-Clause"
            ],
            "authors": [
                {
                    "name": "Nick Sagona",
                    "email": "dev@nolainteractive.com",
                    "homepage": "http://www.nolainteractive.com/"
                }
            ],
            "description": "Pop DOM Component for Pop PHP Framework",
            "homepage": "http://www.popphp.org/",
            "keywords": [
                "document object model",
                "dom",
                "dom generation",
                "dom manipulation",
                "php",
                "pop",
                "pop php"
            ],
            "time": "2018-01-29T21:30:40+00:00"
        },
        {
            "name": "popphp/pop-form",
            "version": "3.1.6",
            "source": {
                "type": "git",
                "url": "https://github.com/popphp/pop-form.git",
                "reference": "45269bfa3081717fc834e9a31f75273167683e74"
            },
            "dist": {
                "type": "zip",
                "url": "https://api.github.com/repos/popphp/pop-form/zipball/45269bfa3081717fc834e9a31f75273167683e74",
                "reference": "45269bfa3081717fc834e9a31f75273167683e74",
                "shasum": ""
            },
            "require": {
                "php": ">=5.6.0",
                "popphp/pop-dom": "^3.2.4",
                "popphp/pop-validator": "^3.0.1"
            },
            "require-dev": {
                "phpunit/phpunit": "5.5.*",
                "popphp/pop-db": "^4.1.3"
            },
            "suggest": {
                "popphp/pop-db": "To use the dynamic field generation based on database table columns",
                "popphp/pop-view": "To use render the form fields with a view"
            },
            "type": "library",
            "extra": {
                "branch-alias": {
                    "dev-master": "3.0.x-dev"
                }
            },
            "autoload": {
                "psr-4": {
                    "Pop\\Form\\": "src/"
                }
            },
            "notification-url": "https://packagist.org/downloads/",
            "license": [
                "BSD-3-Clause"
            ],
            "authors": [
                {
                    "name": "Nick Sagona",
                    "email": "dev@nolainteractive.com",
                    "homepage": "http://www.nolainteractive.com/"
                }
            ],
            "description": "Pop Form Component for Pop PHP Framework",
            "homepage": "http://www.popphp.org/",
            "keywords": [
                "Forms",
                "form generation",
                "form validation",
                "html forms",
                "php",
                "pop",
                "pop php"
            ],
            "time": "2018-01-29T21:34:55+00:00"
        },
        {
            "name": "popphp/pop-http",
            "version": "3.0.4",
            "source": {
                "type": "git",
                "url": "https://github.com/popphp/pop-http.git",
                "reference": "19e6a548dc8b29fba5a844b2a4b5e9a6c3d5b590"
            },
            "dist": {
                "type": "zip",
                "url": "https://api.github.com/repos/popphp/pop-http/zipball/19e6a548dc8b29fba5a844b2a4b5e9a6c3d5b590",
                "reference": "19e6a548dc8b29fba5a844b2a4b5e9a6c3d5b590",
                "shasum": ""
            },
            "require": {
                "php": ">=5.6.0"
            },
            "require-dev": {
                "phpunit/phpunit": "5.5.*"
            },
            "type": "library",
            "extra": {
                "branch-alias": {
                    "dev-master": "3.0.x-dev"
                }
            },
            "autoload": {
                "psr-4": {
                    "Pop\\Http\\": "src/"
                }
            },
            "notification-url": "https://packagist.org/downloads/",
            "license": [
                "BSD-3-Clause"
            ],
            "authors": [
                {
                    "name": "Nick Sagona",
                    "email": "dev@nolainteractive.com",
                    "homepage": "http://www.nolainteractive.com/"
                }
            ],
            "description": "Pop Http Component for Pop PHP Framework",
            "homepage": "http://www.popphp.org/",
            "keywords": [
                "Streams",
                "curl",
                "file uploads",
                "http",
                "http client",
                "http request",
                "http response",
                "php",
                "pop",
                "pop php"
            ],
            "time": "2018-01-29T21:39:23+00:00"
        },
        {
            "name": "popphp/pop-mail",
            "version": "3.0.2",
            "source": {
                "type": "git",
                "url": "https://github.com/popphp/pop-mail.git",
                "reference": "c41aa609da2a12b26cb8d7c181e2ce4828428ea4"
            },
            "dist": {
                "type": "zip",
                "url": "https://api.github.com/repos/popphp/pop-mail/zipball/c41aa609da2a12b26cb8d7c181e2ce4828428ea4",
                "reference": "c41aa609da2a12b26cb8d7c181e2ce4828428ea4",
                "shasum": ""
            },
            "require": {
                "php": ">=5.6.0"
            },
            "require-dev": {
                "phpunit/phpunit": "5.5.*"
            },
            "type": "library",
            "extra": {
                "branch-alias": {
                    "dev-master": "3.0.x-dev"
                }
            },
            "autoload": {
                "psr-4": {
                    "Pop\\Mail\\": "src/"
                }
            },
            "notification-url": "https://packagist.org/downloads/",
            "license": [
                "BSD-3-Clause"
            ],
            "authors": [
                {
                    "name": "Nick Sagona",
                    "email": "dev@nolainteractive.com",
                    "homepage": "http://www.nolainteractive.com/"
                }
            ],
            "description": "Pop Mail Component for Pop PHP Framework",
            "homepage": "http://www.popphp.org/",
            "keywords": [
                "mail",
                "mail queue",
                "php",
                "pop",
                "pop php",
                "send mail"
            ],
            "time": "2018-02-02T18:16:16+00:00"
        },
        {
            "name": "popphp/pop-paginator",
            "version": "3.0.2",
            "source": {
                "type": "git",
                "url": "https://github.com/popphp/pop-paginator.git",
                "reference": "8065936ee9238708f205c7f677616803e3f9226d"
            },
            "dist": {
                "type": "zip",
                "url": "https://api.github.com/repos/popphp/pop-paginator/zipball/8065936ee9238708f205c7f677616803e3f9226d",
                "reference": "8065936ee9238708f205c7f677616803e3f9226d",
                "shasum": ""
            },
            "require": {
                "php": ">=5.6.0"
            },
            "require-dev": {
                "phpunit/phpunit": "5.5.*"
            },
            "type": "library",
            "extra": {
                "branch-alias": {
                    "dev-master": "3.0.x-dev"
                }
            },
            "autoload": {
                "psr-4": {
                    "Pop\\Paginator\\": "src/"
                }
            },
            "notification-url": "https://packagist.org/downloads/",
            "license": [
                "BSD-3-Clause"
            ],
            "authors": [
                {
                    "name": "Nick Sagona",
                    "email": "dev@nolainteractive.com",
                    "homepage": "http://www.nolainteractive.com/"
                }
            ],
            "description": "Pop Paginator Component for Pop PHP Framework",
            "homepage": "http://www.popphp.org/",
            "keywords": [
                "pagination",
                "paginator",
                "php",
                "pop",
                "pop php"
            ],
            "time": "2018-01-29T22:15:24+00:00"
        },
        {
            "name": "popphp/pop-session",
            "version": "3.1.2",
            "source": {
                "type": "git",
                "url": "https://github.com/popphp/pop-session.git",
                "reference": "568e4863d724466a84dc0885615b7f062e413a2f"
            },
            "dist": {
                "type": "zip",
                "url": "https://api.github.com/repos/popphp/pop-session/zipball/568e4863d724466a84dc0885615b7f062e413a2f",
                "reference": "568e4863d724466a84dc0885615b7f062e413a2f",
                "shasum": ""
            },
            "require": {
                "php": ">=5.6.0"
            },
            "type": "library",
            "extra": {
                "branch-alias": {
                    "dev-master": "3.1.x-dev"
                }
            },
            "autoload": {
                "psr-4": {
                    "Pop\\Session\\": "src/"
                }
            },
            "notification-url": "https://packagist.org/downloads/",
            "license": [
                "BSD-3-Clause"
            ],
            "authors": [
                {
                    "name": "Nick Sagona",
                    "email": "dev@nolainteractive.com",
                    "homepage": "http://www.nolainteractive.com/"
                }
            ],
            "description": "Pop Session Component for Pop PHP Framework",
            "homepage": "http://www.popphp.org/",
            "keywords": [
                "php",
                "pop",
                "pop php",
                "session",
                "sessions"
            ],
            "time": "2018-01-29T22:24:25+00:00"
        },
        {
            "name": "popphp/pop-validator",
            "version": "3.0.1",
            "source": {
                "type": "git",
                "url": "https://github.com/popphp/pop-validator.git",
                "reference": "4c6847143fcb83a716ad6b951f86f3b021ab04fc"
            },
            "dist": {
                "type": "zip",
                "url": "https://api.github.com/repos/popphp/pop-validator/zipball/4c6847143fcb83a716ad6b951f86f3b021ab04fc",
                "reference": "4c6847143fcb83a716ad6b951f86f3b021ab04fc",
                "shasum": ""
            },
            "require": {
                "php": ">=5.6.0"
            },
            "require-dev": {
                "phpunit/phpunit": "5.5.*"
            },
            "type": "library",
            "extra": {
                "branch-alias": {
                    "dev-master": "3.0.x-dev"
                }
            },
            "autoload": {
                "psr-4": {
                    "Pop\\Validator\\": "src/"
                }
            },
            "notification-url": "https://packagist.org/downloads/",
            "license": [
                "BSD-3-Clause"
            ],
            "authors": [
                {
                    "name": "Nick Sagona",
                    "email": "dev@nolainteractive.com",
                    "homepage": "http://www.nolainteractive.com/"
                }
            ],
            "description": "Pop Validator Component for Pop PHP Framework",
            "homepage": "http://www.popphp.org/",
            "keywords": [
                "php",
                "pop",
                "pop php",
                "validation",
                "validator"
            ],
            "time": "2018-01-29T22:26:37+00:00"
        },
        {
            "name": "popphp/pop-view",
            "version": "3.0.2",
            "source": {
                "type": "git",
                "url": "https://github.com/popphp/pop-view.git",
                "reference": "d212b981cb1e5a59334301f5f2d74b8b35f8b858"
            },
            "dist": {
                "type": "zip",
                "url": "https://api.github.com/repos/popphp/pop-view/zipball/d212b981cb1e5a59334301f5f2d74b8b35f8b858",
                "reference": "d212b981cb1e5a59334301f5f2d74b8b35f8b858",
                "shasum": ""
            },
            "require": {
                "php": ">=5.6.0"
            },
            "require-dev": {
                "phpunit/phpunit": "5.5.*"
            },
            "type": "library",
            "extra": {
                "branch-alias": {
                    "dev-master": "3.0.x-dev"
                }
            },
            "autoload": {
                "psr-4": {
                    "Pop\\View\\": "src/"
                }
            },
            "notification-url": "https://packagist.org/downloads/",
            "license": [
                "BSD-3-Clause"
            ],
            "authors": [
                {
                    "name": "Nick Sagona",
                    "email": "dev@nolainteractive.com",
                    "homepage": "http://www.nolainteractive.com/"
                }
            ],
            "description": "Pop View Component for Pop PHP Framework",
            "homepage": "http://www.popphp.org/",
            "keywords": [
                "php",
                "pop",
                "pop php",
                "template",
                "view",
                "view template"
            ],
            "time": "2018-01-29T22:29:23+00:00"
        },
        {
            "name": "popphp/popphp",
            "version": "3.2.2",
            "source": {
                "type": "git",
                "url": "https://github.com/popphp/popphp.git",
                "reference": "a085893b30546af61ddd77fd1a1ded2c54341e91"
            },
            "dist": {
                "type": "zip",
                "url": "https://api.github.com/repos/popphp/popphp/zipball/a085893b30546af61ddd77fd1a1ded2c54341e91",
                "reference": "a085893b30546af61ddd77fd1a1ded2c54341e91",
                "shasum": ""
            },
            "require": {
                "php": ">=5.6.0"
            },
            "require-dev": {
                "phpunit/phpunit": "5.5.*",
                "popphp/pop-config": "^3.2.1"
            },
            "type": "library",
            "extra": {
                "branch-alias": {
                    "dev-master": "3.2.x-dev"
                }
            },
            "autoload": {
                "psr-4": {
                    "Pop\\": "src/"
                }
            },
            "notification-url": "https://packagist.org/downloads/",
            "license": [
                "BSD-3-Clause"
            ],
            "authors": [
                {
                    "name": "Nick Sagona",
                    "email": "dev@nolainteractive.com",
                    "homepage": "http://www.nolainteractive.com/"
                }
            ],
            "description": "Pop PHP Framework, a lightweight, robust PHP framework",
            "homepage": "http://www.popphp.org/",
            "keywords": [
                "framework",
                "php framework",
                "pop",
                "pop php"
            ],
            "time": "2018-01-29T22:21:34+00:00"
        }
    ],
    "packages-dev": [],
    "aliases": [],
    "minimum-stability": "stable",
    "stability-flags": [],
    "prefer-stable": false,
    "prefer-lowest": false,
    "platform": {
        "php": ">=7.0.0"
    },
    "platform-dev": []
}
